
Microsoft Visual Studio Solution File, Format Version 12.00
# Visual Studio Version 16
VisualStudioVersion = 16.0.29123.89
MinimumVisualStudioVersion = 10.0.40219.1
Project("{FAE04EC0-301F-11D3-BF4B-00C04F79EFBC}") = "Chat", "Chat.csproj", "{343B9A0B-59DD-4504-BF1B-1764F027ACF8}"
EndProject
Project("{FAE04EC0-301F-11D3-BF4B-00C04F79EFBC}") = "Chat.BackgroundTasks", "Chat.BackgroundTasks\Chat.BackgroundTasks.csproj", "{E12054EB-C218-4A9C-B7C5-9C8EB11287F3}"
EndProject
Project("{FAE04EC0-301F-11D3-BF4B-00C04F79EFBC}") = "Chat.Common", "Chat.Common\Chat.Common.csproj", "{D7B4A4F2-501E-4498-A857-00A0E73D078B}"
EndProject
Project("{FAE04EC0-301F-11D3-BF4B-00C04F79EFBC}") = "LibPhoneNumber.Contrib", "LibPhoneNumber.Contrib\LibPhoneNumber.Contrib.csproj", "{76E62544-DFBA-4AEC-8309-A441176ABF2D}"
EndProject
Global
	GlobalSection(SolutionConfigurationPlatforms) = preSolution
		Debug|Any CPU = Debug|Any CPU
		Debug|ARM = Debug|ARM
		Debug|ARM64 = Debug|ARM64
		Debug|x64 = Debug|x64
		Release|ARM64 = Release|ARM64
		Release|x64 = Release|x64
	EndGlobalSection
	GlobalSection(ProjectConfigurationPlatforms) = postSolution
		{343B9A0B-59DD-4504-BF1B-1764F027ACF8}.Debug|ARM64.ActiveCfg = Debug|ARM64
		{343B9A0B-59DD-4504-BF1B-1764F027ACF8}.Debug|ARM64.Build.0 = Debug|ARM64
		{343B9A0B-59DD-4504-BF1B-1764F027ACF8}.Debug|ARM64.Deploy.0 = Debug|ARM64
		{343B9A0B-59DD-4504-BF1B-1764F027ACF8}.Debug|x64.ActiveCfg = Debug|x64
		{343B9A0B-59DD-4504-BF1B-1764F027ACF8}.Debug|x64.Build.0 = Debug|x64
		{343B9A0B-59DD-4504-BF1B-1764F027ACF8}.Debug|x64.Deploy.0 = Debug|x64
		{343B9A0B-59DD-4504-BF1B-1764F027ACF8}.Release|ARM64.ActiveCfg = Release|ARM64
		{343B9A0B-59DD-4504-BF1B-1764F027ACF8}.Release|ARM64.Build.0 = Release|ARM64
		{343B9A0B-59DD-4504-BF1B-1764F027ACF8}.Release|ARM64.Deploy.0 = Release|ARM64
		{343B9A0B-59DD-4504-BF1B-1764F027ACF8}.Release|x64.ActiveCfg = Release|x64
		{343B9A0B-59DD-4504-BF1B-1764F027ACF8}.Release|x64.Build.0 = Release|x64
		{343B9A0B-59DD-4504-BF1B-1764F027ACF8}.Release|x64.Deploy.0 = Release|x64
		{E12054EB-C218-4A9C-B7C5-9C8EB11287F3}.Debug|ARM64.ActiveCfg = Debug|ARM64
		{E12054EB-C218-4A9C-B7C5-9C8EB11287F3}.Debug|ARM64.Build.0 = Debug|ARM64
		{E12054EB-C218-4A9C-B7C5-9C8EB11287F3}.Debug|x64.ActiveCfg = Debug|x64
		{E12054EB-C218-4A9C-B7C5-9C8EB11287F3}.Debug|x64.Build.0 = Debug|x64
		{E12054EB-C218-4A9C-B7C5-9C8EB11287F3}.Release|ARM64.ActiveCfg = Release|ARM64
		{E12054EB-C218-4A9C-B7C5-9C8EB11287F3}.Release|ARM64.Build.0 = Release|ARM64
		{E12054EB-C218-4A9C-B7C5-9C8EB11287F3}.Release|x64.ActiveCfg = Release|x64
		{E12054EB-C218-4A9C-B7C5-9C8EB11287F3}.Release|x64.Build.0 = Release|x64
		{D7B4A4F2-501E-4498-A857-00A0E73D078B}.Debug|ARM64.ActiveCfg = Debug|ARM64
		{D7B4A4F2-501E-4498-A857-00A0E73D078B}.Debug|ARM64.Build.0 = Debug|ARM64
		{D7B4A4F2-501E-4498-A857-00A0E73D078B}.Debug|x64.ActiveCfg = Debug|x64
		{D7B4A4F2-501E-4498-A857-00A0E73D078B}.Debug|x64.Build.0 = Debug|x64
		{D7B4A4F2-501E-4498-A857-00A0E73D078B}.Release|ARM64.ActiveCfg = Release|ARM64
		{D7B4A4F2-501E-4498-A857-00A0E73D078B}.Release|ARM64.Build.0 = Release|ARM64
		{D7B4A4F2-501E-4498-A857-00A0E73D078B}.Release|x64.ActiveCfg = Release|x64
		{D7B4A4F2-501E-4498-A857-00A0E73D078B}.Release|x64.Build.0 = Release|x64
		{76E62544-DFBA-4AEC-8309-A441176ABF2D}.Debug|ARM64.ActiveCfg = Debug|ARM64
		{76E62544-DFBA-4AEC-8309-A441176ABF2D}.Debug|ARM64.Build.0 = Debug|ARM64
		{76E62544-DFBA-4AEC-8309-A441176ABF2D}.Debug|x64.ActiveCfg = Debug|x64
		{76E62544-DFBA-4AEC-8309-A441176ABF2D}.Debug|x64.Build.0 = Debug|x64
		{76E62544-DFBA-4AEC-8309-A441176ABF2D}.Release|ARM64.ActiveCfg = Release|ARM64
		{76E62544-DFBA-4AEC-8309-A441176ABF2D}.Release|ARM64.Build.0 = Release|ARM64
		{76E62544-DFBA-4AEC-8309-A441176ABF2D}.Release|x64.ActiveCfg = Release|x64
		{76E62544-DFBA-4AEC-8309-A441176ABF2D}.Release|x64.Build.0 = Release|x64
	EndGlobalSection
	GlobalSection(SolutionProperties) = preSolution
		HideSolutionNode = FALSE
	EndGlobalSection
	GlobalSection(ExtensibilityGlobals) = postSolution
		SolutionGuid = {05934EF1-B0BF-4589-A696-617566B5A839}
	EndGlobalSection
EndGlobal
